
Microsoft Visual Studio Solution File, Format Version 10.00
# Visual Studio 2008
Project("{8BC9CEB8-8B4A-11D0-8D11-00A0C91BC942}") = "T23LAB2D", "T23LAB2D.vcproj", "{5928F4E6-92DC-4CF2-9E09-DEF049EF2971}"
EndProject
Global
	GlobalSection(SolutionConfigurationPlatforms) = preSolution
		Debug|Win32 = Debug|Win32
		Release|Win32 = Release|Win32
	EndGlobalSection
	GlobalSection(ProjectConfigurationPlatforms) = postSolution
		{5928F4E6-92DC-4CF2-9E09-DEF049EF2971}.Debug|Win32.ActiveCfg = Debug|Win32
		{5928F4E6-92DC-4CF2-9E09-DEF049EF2971}.Debug|Win32.Build.0 = Debug|Win32
		{5928F4E6-92DC-4CF2-9E09-DEF049EF2971}.Release|Win32.ActiveCfg = Release|Win32
		{5928F4E6-92DC-4CF2-9E09-DEF049EF2971}.Release|Win32.Build.0 = Release|Win32
	EndGlobalSection
	GlobalSection(SolutionProperties) = preSolution
		HideSolutionNode = FALSE
	EndGlobalSection
EndGlobal
